
Microsoft Visual Studio Solution File, Format Version 12.00
# Visual Studio Version 16
VisualStudioVersion = 16.0.30114.105
MinimumVisualStudioVersion = 10.0.40219.1
Project("{FAE04EC0-301F-11D3-BF4B-00C04F79EFBC}") = "R5T.T0017", "R5T.T0017\R5T.T0017.csproj", "{D2842A9E-9FBC-4073-9FBF-BFEA03C16C64}"
EndProject
Project("{FAE04EC0-301F-11D3-BF4B-00C04F79EFBC}") = "R5T.T0017.Construction", "R5T.T0017.Construction\R5T.T0017.Construction.csproj", "{2EDD396D-6F27-41A5-BA96-1A6B28B7F1BB}"
EndProject
Global
	GlobalSection(SolutionConfigurationPlatforms) = preSolution
		Debug|Any CPU = Debug|Any CPU
		Debug|x64 = Debug|x64
		Debug|x86 = Debug|x86
		Release|Any CPU = Release|Any CPU
		Release|x64 = Release|x64
		Release|x86 = Release|x86
	EndGlobalSection
	GlobalSection(SolutionProperties) = preSolution
		HideSolutionNode = FALSE
	EndGlobalSection
	GlobalSection(ProjectConfigurationPlatforms) = postSolution
		{D2842A9E-9FBC-4073-9FBF-BFEA03C16C64}.Debug|Any CPU.ActiveCfg = Debug|Any CPU
		{D2842A9E-9FBC-4073-9FBF-BFEA03C16C64}.Debug|Any CPU.Build.0 = Debug|Any CPU
		{D2842A9E-9FBC-4073-9FBF-BFEA03C16C64}.Debug|x64.ActiveCfg = Debug|Any CPU
		{D2842A9E-9FBC-4073-9FBF-BFEA03C16C64}.Debug|x64.Build.0 = Debug|Any CPU
		{D2842A9E-9FBC-4073-9FBF-BFEA03C16C64}.Debug|x86.ActiveCfg = Debug|Any CPU
		{D2842A9E-9FBC-4073-9FBF-BFEA03C16C64}.Debug|x86.Build.0 = Debug|Any CPU
		{D2842A9E-9FBC-4073-9FBF-BFEA03C16C64}.Release|Any CPU.ActiveCfg = Release|Any CPU
		{D2842A9E-9FBC-4073-9FBF-BFEA03C16C64}.Release|Any CPU.Build.0 = Release|Any CPU
		{D2842A9E-9FBC-4073-9FBF-BFEA03C16C64}.Release|x64.ActiveCfg = Release|Any CPU
		{D2842A9E-9FBC-4073-9FBF-BFEA03C16C64}.Release|x64.Build.0 = Release|Any CPU
		{D2842A9E-9FBC-4073-9FBF-BFEA03C16C64}.Release|x86.ActiveCfg = Release|Any CPU
		{D2842A9E-9FBC-4073-9FBF-BFEA03C16C64}.Release|x86.Build.0 = Release|Any CPU
		{2EDD396D-6F27-41A5-BA96-1A6B28B7F1BB}.Debug|Any CPU.ActiveCfg = Debug|Any CPU
		{2EDD396D-6F27-41A5-BA96-1A6B28B7F1BB}.Debug|Any CPU.Build.0 = Debug|Any CPU
		{2EDD396D-6F27-41A5-BA96-1A6B28B7F1BB}.Debug|x64.ActiveCfg = Debug|Any CPU
		{2EDD396D-6F27-41A5-BA96-1A6B28B7F1BB}.Debug|x64.Build.0 = Debug|Any CPU
		{2EDD396D-6F27-41A5-BA96-1A6B28B7F1BB}.Debug|x86.ActiveCfg = Debug|Any CPU
		{2EDD396D-6F27-41A5-BA96-1A6B28B7F1BB}.Debug|x86.Build.0 = Debug|Any CPU
		{2EDD396D-6F27-41A5-BA96-1A6B28B7F1BB}.Release|Any CPU.ActiveCfg = Release|Any CPU
		{2EDD396D-6F27-41A5-BA96-1A6B28B7F1BB}.Release|Any CPU.Build.0 = Release|Any CPU
		{2EDD396D-6F27-41A5-BA96-1A6B28B7F1BB}.Release|x64.ActiveCfg = Release|Any CPU
		{2EDD396D-6F27-41A5-BA96-1A6B28B7F1BB}.Release|x64.Build.0 = Release|Any CPU
		{2EDD396D-6F27-41A5-BA96-1A6B28B7F1BB}.Release|x86.ActiveCfg = Release|Any CPU
		{2EDD396D-6F27-41A5-BA96-1A6B28B7F1BB}.Release|x86.Build.0 = Release|Any CPU
	EndGlobalSection
EndGlobal
